
Microsoft Visual Studio Solution File, Format Version 12.00
# Visual Studio Version 16
VisualStudioVersion = 16.0.30804.86
MinimumVisualStudioVersion = 10.0.40219.1
Project("{9A19103F-16F7-4668-BE54-9A1E7A4F7556}") = "Learning_AspNet_Core", "Learning_AspNet_Core\Learning_AspNet_Core.csproj", "{E886530C-C019-4DF7-842A-2999E9F9CDBC}"
EndProject
Project("{FAE04EC0-301F-11D3-BF4B-00C04F79EFBC}") = "Learning_AspNet_WebApi", "..\Learning_AspNet_WebApi\Learning_AspNet_WebApi.csproj", "{8A2DCAA0-03E7-43BC-BDD1-52F26D1F7D77}"
EndProject
Global
	GlobalSection(SolutionConfigurationPlatforms) = preSolution
		Debug|Any CPU = Debug|Any CPU
		Release|Any CPU = Release|Any CPU
	EndGlobalSection
	GlobalSection(ProjectConfigurationPlatforms) = postSolution
		{E886530C-C019-4DF7-842A-2999E9F9CDBC}.Debug|Any CPU.ActiveCfg = Debug|Any CPU
		{E886530C-C019-4DF7-842A-2999E9F9CDBC}.Debug|Any CPU.Build.0 = Debug|Any CPU
		{E886530C-C019-4DF7-842A-2999E9F9CDBC}.Release|Any CPU.ActiveCfg = Release|Any CPU
		{E886530C-C019-4DF7-842A-2999E9F9CDBC}.Release|Any CPU.Build.0 = Release|Any CPU
		{8A2DCAA0-03E7-43BC-BDD1-52F26D1F7D77}.Debug|Any CPU.ActiveCfg = Debug|Any CPU
		{8A2DCAA0-03E7-43BC-BDD1-52F26D1F7D77}.Debug|Any CPU.Build.0 = Debug|Any CPU
		{8A2DCAA0-03E7-43BC-BDD1-52F26D1F7D77}.Release|Any CPU.ActiveCfg = Release|Any CPU
		{8A2DCAA0-03E7-43BC-BDD1-52F26D1F7D77}.Release|Any CPU.Build.0 = Release|Any CPU
	EndGlobalSection
	GlobalSection(SolutionProperties) = preSolution
		HideSolutionNode = FALSE
	EndGlobalSection
	GlobalSection(ExtensibilityGlobals) = postSolution
		SolutionGuid = {393413A0-017C-407D-B423-E764D2871896}
	EndGlobalSection
EndGlobal
